// !$*UTF8*$!
{
	archiveVersion = 1;
	classes = {
	};
	objectVersion = 50;
	objects = {

/* Begin PBXBuildFile section */
		368DAF312576343C00F9DC64 /* AppDelegate.swift in Sources */ = {isa = PBXBuildFile; fileRef = 368DAF302576343C00F9DC64 /* AppDelegate.swift */; };
		368DAF332576343C00F9DC64 /* SceneDelegate.swift in Sources */ = {isa = PBXBuildFile; fileRef = 368DAF322576343C00F9DC64 /* SceneDelegate.swift */; };
		368DAF352576343C00F9DC64 /* ViewController.swift in Sources */ = {isa = PBXBuildFile; fileRef = 368DAF342576343C00F9DC64 /* ViewController.swift */; };
		368DAF382576343D00F9DC64 /* Main.storyboard in Resources */ = {isa = PBXBuildFile; fileRef = 368DAF362576343D00F9DC64 /* Main.storyboard */; };
		368DAF3A2576343E00F9DC64 /* Assets.xcassets in Resources */ = {isa = PBXBuildFile; fileRef = 368DAF392576343E00F9DC64 /* Assets.xcassets */; };
		368DAF3D2576343E00F9DC64 /* LaunchScreen.storyboard in Resources */ = {isa = PBXBuildFile; fileRef = 368DAF3B2576343E00F9DC64 /* LaunchScreen.storyboard */; };
		368DAF482576343E00F9DC64 /* CleanLoginTests.swift in Sources */ = {isa = PBXBuildFile; fileRef = 368DAF472576343E00F9DC64 /* CleanLoginTests.swift */; };
		368DAF532576343E00F9DC64 /* CleanLoginUITests.swift in Sources */ = {isa = PBXBuildFile; fileRef = 368DAF522576343E00F9DC64 /* CleanLoginUITests.swift */; };
/* End PBXBuildFile section */

/* Begin PBXContainerItemProxy section */
		368DAF442576343E00F9DC64 /* PBXContainerItemProxy */ = {
			isa = PBXContainerItemProxy;
			containerPortal = 368DAF252576343C00F9DC64 /* Project object */;
			proxyType = 1;
			remoteGlobalIDString = 368DAF2C2576343C00F9DC64;
			remoteInfo = CleanLogin;
		};
		368DAF4F2576343E00F9DC64 /* PBXContainerItemProxy */ = {
			isa = PBXContainerItemProxy;
			containerPortal = 368DAF252576343C00F9DC64 /* Project object */;
			proxyType = 1;
			remoteGlobalIDString = 368DAF2C2576343C00F9DC64;
			remoteInfo = CleanLogin;
		};
/* End PBXContainerItemProxy section */

/* Begin PBXFileReference section */
		368DAF2D2576343C00F9DC64 /* CleanLogin.app */ = {isa = PBXFileReference; explicitFileType = wrapper.application; includeInIndex = 0; path = CleanLogin.app; sourceTree = BUILT_PRODUCTS_DIR; };
		368DAF302576343C00F9DC64 /* AppDelegate.swift */ = {isa = PBXFileReference; lastKnownFileType = sourcecode.swift; path = AppDelegate.swift; sourceTree = "<group>"; };
		368DAF322576343C00F9DC64 /* SceneDelegate.swift */ = {isa = PBXFileReference; lastKnownFileType = sourcecode.swift; path = SceneDelegate.swift; sourceTree = "<group>"; };
		368DAF342576343C00F9DC64 /* ViewController.swift */ = {isa = PBXFileReference; lastKnownFileType = sourcecode.swift; path = ViewController.swift; sourceTree = "<group>"; };
		368DAF372576343D00F9DC64 /* Base */ = {isa = PBXFileReference; lastKnownFileType = file.storyboard; name = Base; path = Base.lproj/Main.storyboard; sourceTree = "<group>"; };
		368DAF392576343E00F9DC64 /* Assets.xcassets */ = {isa = PBXFileReference; lastKnownFileType = folder.assetcatalog; path = Assets.xcassets; sourceTree = "<group>"; };
		368DAF3C2576343E00F9DC64 /* Base */ = {isa = PBXFileReference; lastKnownFileType = file.storyboard; name = Base; path = Base.lproj/LaunchScreen.storyboard; sourceTree = "<group>"; };
		368DAF3E2576343E00F9DC64 /* Info.plist */ = {isa = PBXFileReference; lastKnownFileType = text.plist.xml; path = Info.plist; sourceTree = "<group>"; };
		368DAF432576343E00F9DC64 /* CleanLoginTests.xctest */ = {isa = PBXFileReference; explicitFileType = wrapper.cfbundle; includeInIndex = 0; path = CleanLoginTests.xctest; sourceTree = BUILT_PRODUCTS_DIR; };
		368DAF472576343E00F9DC64 /* CleanLoginTests.swift */ = {isa = PBXFileReference; lastKnownFileType = sourcecode.swift; path = CleanLoginTests.swift; sourceTree = "<group>"; };
		368DAF492576343E00F9DC64 /* Info.plist */ = {isa = PBXFileReference; lastKnownFileType = text.plist.xml; path = Info.plist; sourceTree = "<group>"; };
		368DAF4E2576343E00F9DC64 /* CleanLoginUITests.xctest */ = {isa = PBXFileReference; explicitFileType = wrapper.cfbundle; includeInIndex = 0; path = CleanLoginUITests.xctest; sourceTree = BUILT_PRODUCTS_DIR; };
		368DAF522576343E00F9DC64 /* CleanLoginUITests.swift */ = {isa = PBXFileReference; lastKnownFileType = sourcecode.swift; path = CleanLoginUITests.swift; sourceTree = "<group>"; };
		368DAF542576343E00F9DC64 /* Info.plist */ = {isa = PBXFileReference; lastKnownFileType = text.plist.xml; path = Info.plist; sourceTree = "<group>"; };
/* End PBXFileReference section */

/* Begin PBXFrameworksBuildPhase section */
		368DAF2A2576343C00F9DC64 /* Frameworks */ = {
			isa = PBXFrameworksBuildPhase;
			buildActionMask = 2147483647;
			files = (
			);
			runOnlyForDeploymentPostprocessing = 0;
		};
		368DAF402576343E00F9DC64 /* Frameworks */ = {
			isa = PBXFrameworksBuildPhase;
			buildActionMask = 2147483647;
			files = (
			);
			runOnlyForDeploymentPostprocessing = 0;
		};
		368DAF4B2576343E00F9DC64 /* Frameworks */ = {
			isa = PBXFrameworksBuildPhase;
			buildActionMask = 2147483647;
			files = (
			);
			runOnlyForDeploymentPostprocessing = 0;
		};
/* End PBXFrameworksBuildPhase section */

/* Begin PBXGroup section */
		368DAF242576343C00F9DC64 = {
			isa = PBXGroup;
			children = (
				368DAF2F2576343C00F9DC64 /* CleanLogin */,
				368DAF462576343E00F9DC64 /* CleanLoginTests */,
				368DAF512576343E00F9DC64 /* CleanLoginUITests */,
				368DAF2E2576343C00F9DC64 /* Products */,
			);
			sourceTree = "<group>";
		};
		368DAF2E2576343C00F9DC64 /* Products */ = {
			isa = PBXGroup;
			children = (
				368DAF2D2576343C00F9DC64 /* CleanLogin.app */,
				368DAF432576343E00F9DC64 /* CleanLoginTests.xctest */,
				368DAF4E2576343E00F9DC64 /* CleanLoginUITests.xctest */,
			);
			name = Products;
			sourceTree = "<group>";
		};
		368DAF2F2576343C00F9DC64 /* CleanLogin */ = {
			isa = PBXGroup;
			children = (
				368DAF302576343C00F9DC64 /* AppDelegate.swift */,
				368DAF322576343C00F9DC64 /* SceneDelegate.swift */,
				368DAF342576343C00F9DC64 /* ViewController.swift */,
				368DAF362576343D00F9DC64 /* Main.storyboard */,
				368DAF392576343E00F9DC64 /* Assets.xcassets */,
				368DAF3B2576343E00F9DC64 /* LaunchScreen.storyboard */,
				368DAF3E2576343E00F9DC64 /* Info.plist */,
			);
			path = CleanLogin;
			sourceTree = "<group>";
		};
		368DAF462576343E00F9DC64 /* CleanLoginTests */ = {
			isa = PBXGroup;
			children = (
				368DAF472576343E00F9DC64 /* CleanLoginTests.swift */,
				368DAF492576343E00F9DC64 /* Info.plist */,
			);
			path = CleanLoginTests;
			sourceTree = "<group>";
		};
		368DAF512576343E00F9DC64 /* CleanLoginUITests */ = {
			isa = PBXGroup;
			children = (
				368DAF522576343E00F9DC64 /* CleanLoginUITests.swift */,
				368DAF542576343E00F9DC64 /* Info.plist */,
			);
			path = CleanLoginUITests;
			sourceTree = "<group>";
		};
/* End PBXGroup section */

/* Begin PBXNativeTarget section */
		368DAF2C2576343C00F9DC64 /* CleanLogin */ = {
			isa = PBXNativeTarget;
			buildConfigurationList = 368DAF572576343E00F9DC64 /* Build configuration list for PBXNativeTarget "CleanLogin" */;
			buildPhases = (
				368DAF292576343C00F9DC64 /* Sources */,
				368DAF2A2576343C00F9DC64 /* Frameworks */,
				368DAF2B2576343C00F9DC64 /* Resources */,
			);
			buildRules = (
			);
			dependencies = (
			);
			name = CleanLogin;
			productName = CleanLogin;
			productReference = 368DAF2D2576343C00F9DC64 /* CleanLogin.app */;
			productType = "com.apple.product-type.application";
		};
		368DAF422576343E00F9DC64 /* CleanLoginTests */ = {
			isa = PBXNativeTarget;
			buildConfigurationList = 368DAF5A2576343E00F9DC64 /* Build configuration list for PBXNativeTarget "CleanLoginTests" */;
			buildPhases = (
				368DAF3F2576343E00F9DC64 /* Sources */,
				368DAF402576343E00F9DC64 /* Frameworks */,
				368DAF412576343E00F9DC64 /* Resources */,
			);
			buildRules = (
			);
			dependencies = (
				368DAF452576343E00F9DC64 /* PBXTargetDependency */,
			);
			name = CleanLoginTests;
			productName = CleanLoginTests;
			productReference = 368DAF432576343E00F9DC64 /* CleanLoginTests.xctest */;
			productType = "com.apple.product-type.bundle.unit-test";
		};
		368DAF4D2576343E00F9DC64 /* CleanLoginUITests */ = {
			isa = PBXNativeTarget;
			buildConfigurationList = 368DAF5D2576343E00F9DC64 /* Build configuration list for PBXNativeTarget "CleanLoginUITests" */;
			buildPhases = (
				368DAF4A2576343E00F9DC64 /* Sources */,
				368DAF4B2576343E00F9DC64 /* Frameworks */,
				368DAF4C2576343E00F9DC64 /* Resources */,
			);
			buildRules = (
			);
			dependencies = (
				368DAF502576343E00F9DC64 /* PBXTargetDependency */,
			);
			name = CleanLoginUITests;
			productName = CleanLoginUITests;
			productReference = 368DAF4E2576343E00F9DC64 /* CleanLoginUITests.xctest */;
			productType = "com.apple.product-type.bundle.ui-testing";
		};
/* End PBXNativeTarget section */

/* Begin PBXProject section */
		368DAF252576343C00F9DC64 /* Project object */ = {
			isa = PBXProject;
			attributes = {
				LastSwiftUpdateCheck = 1210;
				LastUpgradeCheck = 1210;
				TargetAttributes = {
					368DAF2C2576343C00F9DC64 = {
						CreatedOnToolsVersion = 12.1;
					};
					368DAF422576343E00F9DC64 = {
						CreatedOnToolsVersion = 12.1;
						TestTargetID = 368DAF2C2576343C00F9DC64;
					};
					368DAF4D2576343E00F9DC64 = {
						CreatedOnToolsVersion = 12.1;
						TestTargetID = 368DAF2C2576343C00F9DC64;
					};
				};
			};
			buildConfigurationList = 368DAF282576343C00F9DC64 /* Build configuration list for PBXProject "CleanLogin" */;
			compatibilityVersion = "Xcode 9.3";
			developmentRegion = en;
			hasScannedForEncodings = 0;
			knownRegions = (
				en,
				Base,
			);
			mainGroup = 368DAF242576343C00F9DC64;
			productRefGroup = 368DAF2E2576343C00F9DC64 /* Products */;
			projectDirPath = "";
			projectRoot = "";
			targets = (
				368DAF2C2576343C00F9DC64 /* CleanLogin */,
				368DAF422576343E00F9DC64 /* CleanLoginTests */,
				368DAF4D2576343E00F9DC64 /* CleanLoginUITests */,
			);
		};
/* End PBXProject section */

/* Begin PBXResourcesBuildPhase section */
		368DAF2B2576343C00F9DC64 /* Resources */ = {
			isa = PBXResourcesBuildPhase;
			buildActionMask = 2147483647;
			files = (
				368DAF3D2576343E00F9DC64 /* LaunchScreen.storyboard in Resources */,
				368DAF3A2576343E00F9DC64 /* Assets.xcassets in Resources */,
				368DAF382576343D00F9DC64 /* Main.storyboard in Resources */,
			);
			runOnlyForDeploymentPostprocessing = 0;
		};
		368DAF412576343E00F9DC64 /* Resources */ = {
			isa = PBXResourcesBuildPhase;
			buildActionMask = 2147483647;
			files = (
			);
			runOnlyForDeploymentPostprocessing = 0;
		};
		368DAF4C2576343E00F9DC64 /* Resources */ = {
			isa = PBXResourcesBuildPhase;
			buildActionMask = 2147483647;
			files = (
			);
			runOnlyForDeploymentPostprocessing = 0;
		};
/* End PBXResourcesBuildPhase section */

/* Begin PBXSourcesBuildPhase section */
		368DAF292576343C00F9DC64 /* Sources */ = {
			isa = PBXSourcesBuildPhase;
			buildActionMask = 2147483647;
			files = (
				368DAF352576343C00F9DC64 /* ViewController.swift in Sources */,
				368DAF312576343C00F9DC64 /* AppDelegate.swift in Sources */,
				368DAF332576343C00F9DC64 /* SceneDelegate.swift in Sources */,
			);
			runOnlyForDeploymentPostprocessing = 0;
		};
		368DAF3F2576343E00F9DC64 /* Sources */ = {
			isa = PBXSourcesBuildPhase;
			buildActionMask = 2147483647;
			files = (
				368DAF482576343E00F9DC64 /* CleanLoginTests.swift in Sources */,
			);
			runOnlyForDeploymentPostprocessing = 0;
		};
		368DAF4A2576343E00F9DC64 /* Sources */ = {
			isa = PBXSourcesBuildPhase;
			buildActionMask = 2147483647;
			files = (
				368DAF532576343E00F9DC64 /* CleanLoginUITests.swift in Sources */,
			);
			runOnlyForDeploymentPostprocessing = 0;
		};
/* End PBXSourcesBuildPhase section */

/* Begin PBXTargetDependency section */
		368DAF452576343E00F9DC64 /* PBXTargetDependency */ = {
			isa = PBXTargetDependency;
			target = 368DAF2C2576343C00F9DC64 /* CleanLogin */;
			targetProxy = 368DAF442576343E00F9DC64 /* PBXContainerItemProxy */;
		};
		368DAF502576343E00F9DC64 /* PBXTargetDependency */ = {
			isa = PBXTargetDependency;
			target = 368DAF2C2576343C00F9DC64 /* CleanLogin */;
			targetProxy = 368DAF4F2576343E00F9DC64 /* PBXContainerItemProxy */;
		};
/* End PBXTargetDependency section */

/* Begin PBXVariantGroup section */
		368DAF362576343D00F9DC64 /* Main.storyboard */ = {
			isa = PBXVariantGroup;
			children = (
				368DAF372576343D00F9DC64 /* Base */,
			);
			name = Main.storyboard;
			sourceTree = "<group>";
		};
		368DAF3B2576343E00F9DC64 /* LaunchScreen.storyboard */ = {
			isa = PBXVariantGroup;
			children = (
				368DAF3C2576343E00F9DC64 /* Base */,
			);
			name = LaunchScreen.storyboard;
			sourceTree = "<group>";
		};
/* End PBXVariantGroup section */

/* Begin XCBuildConfiguration section */
		368DAF552576343E00F9DC64 /* Debug */ = {
			isa = XCBuildConfiguration;
			buildSettings = {
				ALWAYS_SEARCH_USER_PATHS = NO;
				CLANG_ANALYZER_NONNULL = YES;
				CLANG_ANALYZER_NUMBER_OBJECT_CONVERSION = YES_AGGRESSIVE;
				CLANG_CXX_LANGUAGE_STANDARD = "gnu++14";
				CLANG_CXX_LIBRARY = "libc++";
				CLANG_ENABLE_MODULES = YES;
				CLANG_ENABLE_OBJC_ARC = YES;
				CLANG_ENABLE_OBJC_WEAK = YES;
				CLANG_WARN_BLOCK_CAPTURE_AUTORELEASING = YES;
				CLANG_WARN_BOOL_CONVERSION = YES;
				CLANG_WARN_COMMA = YES;
				CLANG_WARN_CONSTANT_CONVERSION = YES;
				CLANG_WARN_DEPRECATED_OBJC_IMPLEMENTATIONS = YES;
				CLANG_WARN_DIRECT_OBJC_ISA_USAGE = YES_ERROR;
				CLANG_WARN_DOCUMENTATION_COMMENTS = YES;
				CLANG_WARN_EMPTY_BODY = YES;
				CLANG_WARN_ENUM_CONVERSION = YES;
				CLANG_WARN_INFINITE_RECURSION = YES;
				CLANG_WARN_INT_CONVERSION = YES;
				CLANG_WARN_NON_LITERAL_NULL_CONVERSION = YES;
				CLANG_WARN_OBJC_IMPLICIT_RETAIN_SELF = YES;
				CLANG_WARN_OBJC_LITERAL_CONVERSION = YES;
				CLANG_WARN_OBJC_ROOT_CLASS = YES_ERROR;
				CLANG_WARN_QUOTED_INCLUDE_IN_FRAMEWORK_HEADER = YES;
				CLANG_WARN_RANGE_LOOP_ANALYSIS = YES;
				CLANG_WARN_STRICT_PROTOTYPES = YES;
				CLANG_WARN_SUSPICIOUS_MOVE = YES;
				CLANG_WARN_UNGUARDED_AVAILABILITY = YES_AGGRESSIVE;
				CLANG_WARN_UNREACHABLE_CODE = YES;
				CLANG_WARN__DUPLICATE_METHOD_MATCH = YES;
				COPY_PHASE_STRIP = NO;
				DEBUG_INFORMATION_FORMAT = dwarf;
				ENABLE_STRICT_OBJC_MSGSEND = YES;
				ENABLE_TESTABILITY = YES;
				GCC_C_LANGUAGE_STANDARD = gnu11;
				GCC_DYNAMIC_NO_PIC = NO;
				GCC_NO_COMMON_BLOCKS = YES;
				GCC_OPTIMIZATION_LEVEL = 0;
				GCC_PREPROCESSOR_DEFINITIONS = (
					"DEBUG=1",
					"$(inherited)",
				);
				GCC_WARN_64_TO_32_BIT_CONVERSION = YES;
				GCC_WARN_ABOUT_RETURN_TYPE = YES_ERROR;
				GCC_WARN_UNDECLARED_SELECTOR = YES;
				GCC_WARN_UNINITIALIZED_AUTOS = YES_AGGRESSIVE;
				GCC_WARN_UNUSED_FUNCTION = YES;
				GCC_WARN_UNUSED_VARIABLE = YES;
				IPHONEOS_DEPLOYMENT_TARGET = 14.1;
				MTL_ENABLE_DEBUG_INFO = INCLUDE_SOURCE;
				MTL_FAST_MATH = YES;
				ONLY_ACTIVE_ARCH = YES;
				SDKROOT = iphoneos;
				SWIFT_ACTIVE_COMPILATION_CONDITIONS = DEBUG;
				SWIFT_OPTIMIZATION_LEVEL = "-Onone";
			};
			name = Debug;
		};
		368DAF562576343E00F9DC64 /* Release */ = {
			isa = XCBuildConfiguration;
			buildSettings = {
				ALWAYS_SEARCH_USER_PATHS = NO;
				CLANG_ANALYZER_NONNULL = YES;
				CLANG_ANALYZER_NUMBER_OBJECT_CONVERSION = YES_AGGRESSIVE;
				CLANG_CXX_LANGUAGE_STANDARD = "gnu++14";
				CLANG_CXX_LIBRARY = "libc++";
				CLANG_ENABLE_MODULES = YES;
				CLANG_ENABLE_OBJC_ARC = YES;
				CLANG_ENABLE_OBJC_WEAK = YES;
				CLANG_WARN_BLOCK_CAPTURE_AUTORELEASING = YES;
				CLANG_WARN_BOOL_CONVERSION = YES;
				CLANG_WARN_COMMA = YES;
				CLANG_WARN_CONSTANT_CONVERSION = YES;
				CLANG_WARN_DEPRECATED_OBJC_IMPLEMENTATIONS = YES;
				CLANG_WARN_DIRECT_OBJC_ISA_USAGE = YES_ERROR;
				CLANG_WARN_DOCUMENTATION_COMMENTS = YES;
				CLANG_WARN_EMPTY_BODY = YES;
				CLANG_WARN_ENUM_CONVERSION = YES;
				CLANG_WARN_INFINITE_RECURSION = YES;
				CLANG_WARN_INT_CONVERSION = YES;
				CLANG_WARN_NON_LITERAL_NULL_CONVERSION = YES;
				CLANG_WARN_OBJC_IMPLICIT_RETAIN_SELF = YES;
				CLANG_WARN_OBJC_LITERAL_CONVERSION = YES;
				CLANG_WARN_OBJC_ROOT_CLASS = YES_ERROR;
				CLANG_WARN_QUOTED_INCLUDE_IN_FRAMEWORK_HEADER = YES;
				CLANG_WARN_RANGE_LOOP_ANALYSIS = YES;
				CLANG_WARN_STRICT_PROTOTYPES = YES;
				CLANG_WARN_SUSPICIOUS_MOVE = YES;
				CLANG_WARN_UNGUARDED_AVAILABILITY = YES_AGGRESSIVE;
				CLANG_WARN_UNREACHABLE_CODE = YES;
				CLANG_WARN__DUPLICATE_METHOD_MATCH = YES;
				COPY_PHASE_STRIP = NO;
				DEBUG_INFORMATION_FORMAT = "dwarf-with-dsym";
				ENABLE_NS_ASSERTIONS = NO;
				ENABLE_STRICT_OBJC_MSGSEND = YES;
				GCC_C_LANGUAGE_STANDARD = gnu11;
				GCC_NO_COMMON_BLOCKS = YES;
				GCC_WARN_64_TO_32_BIT_CONVERSION = YES;
				GCC_WARN_ABOUT_RETURN_TYPE = YES_ERROR;
				GCC_WARN_UNDECLARED_SELECTOR = YES;
				GCC_WARN_UNINITIALIZED_AUTOS = YES_AGGRESSIVE;
				GCC_WARN_UNUSED_FUNCTION = YES;
				GCC_WARN_UNUSED_VARIABLE = YES;
				IPHONEOS_DEPLOYMENT_TARGET = 14.1;
				MTL_ENABLE_DEBUG_INFO = NO;
				MTL_FAST_MATH = YES;
				SDKROOT = iphoneos;
				SWIFT_COMPILATION_MODE = wholemodule;
				SWIFT_OPTIMIZATION_LEVEL = "-O";
				VALIDATE_PRODUCT = YES;
			};
			name = Release;
		};
		368DAF582576343E00F9DC64 /* Debug */ = {
			isa = XCBuildConfiguration;
			buildSettings = {
				ASSETCATALOG_COMPILER_APPICON_NAME = AppIcon;
				ASSETCATALOG_COMPILER_GLOBAL_ACCENT_COLOR_NAME = AccentColor;
				CODE_SIGN_STYLE = Automatic;
				INFOPLIST_FILE = CleanLogin/Info.plist;
				LD_RUNPATH_SEARCH_PATHS = (
					"$(inherited)",
					"@executable_path/Frameworks",
				);
				PRODUCT_BUNDLE_IDENTIFIER = "com.netguru.bn-cleanLogin.CleanLogin";
				PRODUCT_NAME = "$(TARGET_NAME)";
				SWIFT_VERSION = 5.0;
				TARGETED_DEVICE_FAMILY = "1,2";
			};
			name = Debug;
		};
		368DAF592576343E00F9DC64 /* Release */ = {
			isa = XCBuildConfiguration;
			buildSettings = {
				ASSETCATALOG_COMPILER_APPICON_NAME = AppIcon;
				ASSETCATALOG_COMPILER_GLOBAL_ACCENT_COLOR_NAME = AccentColor;
				CODE_SIGN_STYLE = Automatic;
				INFOPLIST_FILE = CleanLogin/Info.plist;
				LD_RUNPATH_SEARCH_PATHS = (
					"$(inherited)",
					"@executable_path/Frameworks",
				);
				PRODUCT_BUNDLE_IDENTIFIER = "com.netguru.bn-cleanLogin.CleanLogin";
				PRODUCT_NAME = "$(TARGET_NAME)";
				SWIFT_VERSION = 5.0;
				TARGETED_DEVICE_FAMILY = "1,2";
			};
			name = Release;
		};
		368DAF5B2576343E00F9DC64 /* Debug */ = {
			isa = XCBuildConfiguration;
			buildSettings = {
				ALWAYS_EMBED_SWIFT_STANDARD_LIBRARIES = YES;
				BUNDLE_LOADER = "$(TEST_HOST)";
				CODE_SIGN_STYLE = Automatic;
				INFOPLIST_FILE = CleanLoginTests/Info.plist;
				IPHONEOS_DEPLOYMENT_TARGET = 14.1;
				LD_RUNPATH_SEARCH_PATHS = (
					"$(inherited)",
					"@executable_path/Frameworks",
					"@loader_path/Frameworks",
				);
				PRODUCT_BUNDLE_IDENTIFIER = "com.netguru.bn-cleanLogin.CleanLoginTests";
				PRODUCT_NAME = "$(TARGET_NAME)";
				SWIFT_VERSION = 5.0;
				TARGETED_DEVICE_FAMILY = "1,2";
				TEST_HOST = "$(BUILT_PRODUCTS_DIR)/CleanLogin.app/CleanLogin";
			};
			name = Debug;
		};
		368DAF5C2576343E00F9DC64 /* Release */ = {
			isa = XCBuildConfiguration;
			buildSettings = {
				ALWAYS_EMBED_SWIFT_STANDARD_LIBRARIES = YES;
				BUNDLE_LOADER = "$(TEST_HOST)";
				CODE_SIGN_STYLE = Automatic;
				INFOPLIST_FILE = CleanLoginTests/Info.plist;
				IPHONEOS_DEPLOYMENT_TARGET = 14.1;
				LD_RUNPATH_SEARCH_PATHS = (
					"$(inherited)",
					"@executable_path/Frameworks",
					"@loader_path/Frameworks",
				);
				PRODUCT_BUNDLE_IDENTIFIER = "com.netguru.bn-cleanLogin.CleanLoginTests";
				PRODUCT_NAME = "$(TARGET_NAME)";
				SWIFT_VERSION = 5.0;
				TARGETED_DEVICE_FAMILY = "1,2";
				TEST_HOST = "$(BUILT_PRODUCTS_DIR)/CleanLogin.app/CleanLogin";
			};
			name = Release;
		};
		368DAF5E2576343E00F9DC64 /* Debug */ = {
			isa = XCBuildConfiguration;
			buildSettings = {
				ALWAYS_EMBED_SWIFT_STANDARD_LIBRARIES = YES;
				CODE_SIGN_STYLE = Automatic;
				INFOPLIST_FILE = CleanLoginUITests/Info.plist;
				LD_RUNPATH_SEARCH_PATHS = (
					"$(inherited)",
					"@executable_path/Frameworks",
					"@loader_path/Frameworks",
				);
				PRODUCT_BUNDLE_IDENTIFIER = "com.netguru.bn-cleanLogin.CleanLoginUITests";
				PRODUCT_NAME = "$(TARGET_NAME)";
				SWIFT_VERSION = 5.0;
				TARGETED_DEVICE_FAMILY = "1,2";
				TEST_TARGET_NAME = CleanLogin;
			};
			name = Debug;
		};
		368DAF5F2576343E00F9DC64 /* Release */ = {
			isa = XCBuildConfiguration;
			buildSettings = {
				ALWAYS_EMBED_SWIFT_STANDARD_LIBRARIES = YES;
				CODE_SIGN_STYLE = Automatic;
				INFOPLIST_FILE = CleanLoginUITests/Info.plist;
				LD_RUNPATH_SEARCH_PATHS = (
					"$(inherited)",
					"@executable_path/Frameworks",
					"@loader_path/Frameworks",
				);
				PRODUCT_BUNDLE_IDENTIFIER = "com.netguru.bn-cleanLogin.CleanLoginUITests";
				PRODUCT_NAME = "$(TARGET_NAME)";
				SWIFT_VERSION = 5.0;
				TARGETED_DEVICE_FAMILY = "1,2";
				TEST_TARGET_NAME = CleanLogin;
			};
			name = Release;
		};
/* End XCBuildConfiguration section */

/* Begin XCConfigurationList section */
		368DAF282576343C00F9DC64 /* Build configuration list for PBXProject "CleanLogin" */ = {
			isa = XCConfigurationList;
			buildConfigurations = (
				368DAF552576343E00F9DC64 /* Debug */,
				368DAF562576343E00F9DC64 /* Release */,
			);
			defaultConfigurationIsVisible = 0;
			defaultConfigurationName = Release;
		};
		368DAF572576343E00F9DC64 /* Build configuration list for PBXNativeTarget "CleanLogin" */ = {
			isa = XCConfigurationList;
			buildConfigurations = (
				368DAF582576343E00F9DC64 /* Debug */,
				368DAF592576343E00F9DC64 /* Release */,
			);
			defaultConfigurationIsVisible = 0;
			defaultConfigurationName = Release;
		};
		368DAF5A2576343E00F9DC64 /* Build configuration list for PBXNativeTarget "CleanLoginTests" */ = {
			isa = XCConfigurationList;
			buildConfigurations = (
				368DAF5B2576343E00F9DC64 /* Debug */,
				368DAF5C2576343E00F9DC64 /* Release */,
			);
			defaultConfigurationIsVisible = 0;
			defaultConfigurationName = Release;
		};
		368DAF5D2576343E00F9DC64 /* Build configuration list for PBXNativeTarget "CleanLoginUITests" */ = {
			isa = XCConfigurationList;
			buildConfigurations = (
				368DAF5E2576343E00F9DC64 /* Debug */,
				368DAF5F2576343E00F9DC64 /* Release */,
			);
			defaultConfigurationIsVisible = 0;
			defaultConfigurationName = Release;
		};
/* End XCConfigurationList section */
	};
	rootObject = 368DAF252576343C00F9DC64 /* Project object */;
}
